{
  "lockfileVersion": 1,
  "workspaces": {
    "": {
      "name": "tool",
      "dependencies": {
        "@opencode-ai/plugin": "0.15.0",
      },
    },
  },
  "packages": {
    "@opencode-ai/plugin": ["@opencode-ai/plugin@0.15.0", "", { "dependencies": { "@opencode-ai/sdk": "0.15.0", "zod": "4.1.8" } }, "sha512-Of4IbA+rDa+YATZ9erSNKfOweBIjnxdKWp1CCFmZpGcU1dBc3mIOiTUeTQB96daod+vqhIeGl5VtZZ3fB1ErEg=="],

    "@opencode-ai/sdk": ["@opencode-ai/sdk@0.15.0", "", {}, "sha512-awkWZZfcMRNWY5KiuabKz3XiowgC3Gpv9MvlFifsw3BlqLJW1d+kpsNpYHucz6yW+ODPy72udnYwHL443qTPNQ=="],

    "zod": ["zod@4.1.8", "", {}, "sha512-5R1P+WwQqmmMIEACyzSvo4JXHY5WiAFHRMg+zBZKgKS+Q1viRa0C1hmUKtHltoIFKtIdki3pRxkmpP74jnNYHQ=="],
  }
}
