{
  "lockfileVersion": 1,
  "workspaces": {
    "": {
      "name": "tool",
      "dependencies": {
        "@opencode-ai/plugin": "0.15.10",
      },
    },
  },
  "packages": {
    "@opencode-ai/plugin": ["@opencode-ai/plugin@0.15.10", "", { "dependencies": { "@opencode-ai/sdk": "0.15.10", "zod": "4.1.8" } }, "sha512-oggsY5nL6HdlJSaSWG1WG0eIcOavMdWdHG4GNDKG/1gjMMDl6DipGh5iMsHcJPPYOQa3DUjChWqsE6h3JrNctg=="],

    "@opencode-ai/sdk": ["@opencode-ai/sdk@0.15.10", "", {}, "sha512-JyH9yJnJG8mJBj3h8x30s1J2KFukYzCeF66vwTwLpxzjFpVmZkpCa8EaaGuf8F6Pyj5OHPyWBPXp/wqest050Q=="],

    "zod": ["zod@4.1.8", "", {}, "sha512-5R1P+WwQqmmMIEACyzSvo4JXHY5WiAFHRMg+zBZKgKS+Q1viRa0C1hmUKtHltoIFKtIdki3pRxkmpP74jnNYHQ=="],
  }
}
